# This file was autogenerated by Stack.
# You should not edit this file by hand.
# For more information, please see the documentation at:
#   https://docs.haskellstack.org/en/stable/lock_files

packages:
- completed:
    hackage: base64-bytestring-1.2.0.1@sha256:f4f998235fc0825ab636ca9241b827de5805b336625eb1c7822f1798a238b6ac,2411
    pantry-tree:
      size: 850
      sha256: 20a1631b18066669c8b5e4dae5a32c761e350c91c9d0d3a90ab40f740ff3f6f1
  original:
    hackage: base64-bytestring-1.2.0.1
snapshots:
- completed:
    size: 585392
    url: https://raw.githubusercontent.com/commercialhaskell/stackage-snapshots/master/lts/18/2.yaml
    sha256: 7abb45c0cc5eb349448b66d8753655542d45d387ad26970419282eab3d860724
  original:
    url: https://raw.githubusercontent.com/commercialhaskell/stackage-snapshots/master/lts/18/2.yaml
